// !$*UTF8*$!
{
	archiveVersion = 1;
	classes = {
	};
	objectVersion = 56;
	objects = {

/* Begin PBXBuildFile section */
		8420B2922C57C63700739F7A /* BackgroundPlayApp.swift in Sources */ = {isa = PBXBuildFile; fileRef = 8420B2912C57C63700739F7A /* BackgroundPlayApp.swift */; };
		8420B2942C57C63700739F7A /* ContentView.swift in Sources */ = {isa = PBXBuildFile; fileRef = 8420B2932C57C63700739F7A /* ContentView.swift */; };
		8420B2962C57C63B00739F7A /* Assets.xcassets in Resources */ = {isa = PBXBuildFile; fileRef = 8420B2952C57C63B00739F7A /* Assets.xcassets */; };
		8420B29A2C57C63B00739F7A /* Preview Assets.xcassets in Resources */ = {isa = PBXBuildFile; fileRef = 8420B2992C57C63B00739F7A /* Preview Assets.xcassets */; };
		8420B2A42C57C63C00739F7A /* BackgroundPlayTests.swift in Sources */ = {isa = PBXBuildFile; fileRef = 8420B2A32C57C63C00739F7A /* BackgroundPlayTests.swift */; };
		8420B2AE2C57C63C00739F7A /* BackgroundPlayUITests.swift in Sources */ = {isa = PBXBuildFile; fileRef = 8420B2AD2C57C63C00739F7A /* BackgroundPlayUITests.swift */; };
		8420B2B02C57C63C00739F7A /* BackgroundPlayUITestsLaunchTests.swift in Sources */ = {isa = PBXBuildFile; fileRef = 8420B2AF2C57C63C00739F7A /* BackgroundPlayUITestsLaunchTests.swift */; };
		8420B2BD2C57C83100739F7A /* DocumentPicker.swift in Sources */ = {isa = PBXBuildFile; fileRef = 8420B2BC2C57C83100739F7A /* DocumentPicker.swift */; };
/* End PBXBuildFile section */

/* Begin PBXContainerItemProxy section */
		8420B2A02C57C63C00739F7A /* PBXContainerItemProxy */ = {
			isa = PBXContainerItemProxy;
			containerPortal = 8420B2862C57C63700739F7A /* Project object */;
			proxyType = 1;
			remoteGlobalIDString = 8420B28D2C57C63700739F7A;
			remoteInfo = BackgroundPlay;
		};
		8420B2AA2C57C63C00739F7A /* PBXContainerItemProxy */ = {
			isa = PBXContainerItemProxy;
			containerPortal = 8420B2862C57C63700739F7A /* Project object */;
			proxyType = 1;
			remoteGlobalIDString = 8420B28D2C57C63700739F7A;
			remoteInfo = BackgroundPlay;
		};
/* End PBXContainerItemProxy section */

/* Begin PBXFileReference section */
		8420B28E2C57C63700739F7A /* BackgroundPlay.app */ = {isa = PBXFileReference; explicitFileType = wrapper.application; includeInIndex = 0; path = BackgroundPlay.app; sourceTree = BUILT_PRODUCTS_DIR; };
		8420B2912C57C63700739F7A /* BackgroundPlayApp.swift */ = {isa = PBXFileReference; lastKnownFileType = sourcecode.swift; path = BackgroundPlayApp.swift; sourceTree = "<group>"; };
		8420B2932C57C63700739F7A /* ContentView.swift */ = {isa = PBXFileReference; lastKnownFileType = sourcecode.swift; path = ContentView.swift; sourceTree = "<group>"; };
		8420B2952C57C63B00739F7A /* Assets.xcassets */ = {isa = PBXFileReference; lastKnownFileType = folder.assetcatalog; path = Assets.xcassets; sourceTree = "<group>"; };
		8420B2972C57C63B00739F7A /* BackgroundPlay.entitlements */ = {isa = PBXFileReference; lastKnownFileType = text.plist.entitlements; path = BackgroundPlay.entitlements; sourceTree = "<group>"; };
		8420B2992C57C63B00739F7A /* Preview Assets.xcassets */ = {isa = PBXFileReference; lastKnownFileType = folder.assetcatalog; path = "Preview Assets.xcassets"; sourceTree = "<group>"; };
		8420B29F2C57C63C00739F7A /* BackgroundPlayTests.xctest */ = {isa = PBXFileReference; explicitFileType = wrapper.cfbundle; includeInIndex = 0; path = BackgroundPlayTests.xctest; sourceTree = BUILT_PRODUCTS_DIR; };
		8420B2A32C57C63C00739F7A /* BackgroundPlayTests.swift */ = {isa = PBXFileReference; lastKnownFileType = sourcecode.swift; path = BackgroundPlayTests.swift; sourceTree = "<group>"; };
		8420B2A92C57C63C00739F7A /* BackgroundPlayUITests.xctest */ = {isa = PBXFileReference; explicitFileType = wrapper.cfbundle; includeInIndex = 0; path = BackgroundPlayUITests.xctest; sourceTree = BUILT_PRODUCTS_DIR; };
		8420B2AD2C57C63C00739F7A /* BackgroundPlayUITests.swift */ = {isa = PBXFileReference; lastKnownFileType = sourcecode.swift; path = BackgroundPlayUITests.swift; sourceTree = "<group>"; };
		8420B2AF2C57C63C00739F7A /* BackgroundPlayUITestsLaunchTests.swift */ = {isa = PBXFileReference; lastKnownFileType = sourcecode.swift; path = BackgroundPlayUITestsLaunchTests.swift; sourceTree = "<group>"; };
		8420B2BC2C57C83100739F7A /* DocumentPicker.swift */ = {isa = PBXFileReference; lastKnownFileType = sourcecode.swift; path = DocumentPicker.swift; sourceTree = "<group>"; };
		8479FD432C5D0A8300293036 /* Info.plist */ = {isa = PBXFileReference; lastKnownFileType = text.plist; path = Info.plist; sourceTree = "<group>"; };
/* End PBXFileReference section */

/* Begin PBXFrameworksBuildPhase section */
		8420B28B2C57C63700739F7A /* Frameworks */ = {
			isa = PBXFrameworksBuildPhase;
			buildActionMask = 2147483647;
			files = (
			);
			runOnlyForDeploymentPostprocessing = 0;
		};
		8420B29C2C57C63C00739F7A /* Frameworks */ = {
			isa = PBXFrameworksBuildPhase;
			buildActionMask = 2147483647;
			files = (
			);
			runOnlyForDeploymentPostprocessing = 0;
		};
		8420B2A62C57C63C00739F7A /* Frameworks */ = {
			isa = PBXFrameworksBuildPhase;
			buildActionMask = 2147483647;
			files = (
			);
			runOnlyForDeploymentPostprocessing = 0;
		};
/* End PBXFrameworksBuildPhase section */

/* Begin PBXGroup section */
		8420B2852C57C63700739F7A = {
			isa = PBXGroup;
			children = (
				8420B2902C57C63700739F7A /* BackgroundPlay */,
				8420B2A22C57C63C00739F7A /* BackgroundPlayTests */,
				8420B2AC2C57C63C00739F7A /* BackgroundPlayUITests */,
				8420B28F2C57C63700739F7A /* Products */,
			);
			sourceTree = "<group>";
		};
		8420B28F2C57C63700739F7A /* Products */ = {
			isa = PBXGroup;
			children = (
				8420B28E2C57C63700739F7A /* BackgroundPlay.app */,
				8420B29F2C57C63C00739F7A /* BackgroundPlayTests.xctest */,
				8420B2A92C57C63C00739F7A /* BackgroundPlayUITests.xctest */,
			);
			name = Products;
			sourceTree = "<group>";
		};
		8420B2902C57C63700739F7A /* BackgroundPlay */ = {
			isa = PBXGroup;
			children = (
				8479FD432C5D0A8300293036 /* Info.plist */,
				8420B2912C57C63700739F7A /* BackgroundPlayApp.swift */,
				8420B2932C57C63700739F7A /* ContentView.swift */,
				8420B2BC2C57C83100739F7A /* DocumentPicker.swift */,
				8420B2952C57C63B00739F7A /* Assets.xcassets */,
				8420B2972C57C63B00739F7A /* BackgroundPlay.entitlements */,
				8420B2982C57C63B00739F7A /* Preview Content */,
			);
			path = BackgroundPlay;
			sourceTree = "<group>";
		};
		8420B2982C57C63B00739F7A /* Preview Content */ = {
			isa = PBXGroup;
			children = (
				8420B2992C57C63B00739F7A /* Preview Assets.xcassets */,
			);
			path = "Preview Content";
			sourceTree = "<group>";
		};
		8420B2A22C57C63C00739F7A /* BackgroundPlayTests */ = {
			isa = PBXGroup;
			children = (
				8420B2A32C57C63C00739F7A /* BackgroundPlayTests.swift */,
			);
			path = BackgroundPlayTests;
			sourceTree = "<group>";
		};
		8420B2AC2C57C63C00739F7A /* BackgroundPlayUITests */ = {
			isa = PBXGroup;
			children = (
				8420B2AD2C57C63C00739F7A /* BackgroundPlayUITests.swift */,
				8420B2AF2C57C63C00739F7A /* BackgroundPlayUITestsLaunchTests.swift */,
			);
			path = BackgroundPlayUITests;
			sourceTree = "<group>";
		};
/* End PBXGroup section */

/* Begin PBXNativeTarget section */
		8420B28D2C57C63700739F7A /* BackgroundPlay */ = {
			isa = PBXNativeTarget;
			buildConfigurationList = 8420B2B32C57C63C00739F7A /* Build configuration list for PBXNativeTarget "BackgroundPlay" */;
			buildPhases = (
				8420B28A2C57C63700739F7A /* Sources */,
				8420B28B2C57C63700739F7A /* Frameworks */,
				8420B28C2C57C63700739F7A /* Resources */,
			);
			buildRules = (
			);
			dependencies = (
			);
			name = BackgroundPlay;
			productName = BackgroundPlay;
			productReference = 8420B28E2C57C63700739F7A /* BackgroundPlay.app */;
			productType = "com.apple.product-type.application";
		};
		8420B29E2C57C63C00739F7A /* BackgroundPlayTests */ = {
			isa = PBXNativeTarget;
			buildConfigurationList = 8420B2B62C57C63C00739F7A /* Build configuration list for PBXNativeTarget "BackgroundPlayTests" */;
			buildPhases = (
				8420B29B2C57C63C00739F7A /* Sources */,
				8420B29C2C57C63C00739F7A /* Frameworks */,
				8420B29D2C57C63C00739F7A /* Resources */,
			);
			buildRules = (
			);
			dependencies = (
				8420B2A12C57C63C00739F7A /* PBXTargetDependency */,
			);
			name = BackgroundPlayTests;
			productName = BackgroundPlayTests;
			productReference = 8420B29F2C57C63C00739F7A /* BackgroundPlayTests.xctest */;
			productType = "com.apple.product-type.bundle.unit-test";
		};
		8420B2A82C57C63C00739F7A /* BackgroundPlayUITests */ = {
			isa = PBXNativeTarget;
			buildConfigurationList = 8420B2B92C57C63C00739F7A /* Build configuration list for PBXNativeTarget "BackgroundPlayUITests" */;
			buildPhases = (
				8420B2A52C57C63C00739F7A /* Sources */,
				8420B2A62C57C63C00739F7A /* Frameworks */,
				8420B2A72C57C63C00739F7A /* Resources */,
			);
			buildRules = (
			);
			dependencies = (
				8420B2AB2C57C63C00739F7A /* PBXTargetDependency */,
			);
			name = BackgroundPlayUITests;
			productName = BackgroundPlayUITests;
			productReference = 8420B2A92C57C63C00739F7A /* BackgroundPlayUITests.xctest */;
			productType = "com.apple.product-type.bundle.ui-testing";
		};
/* End PBXNativeTarget section */

/* Begin PBXProject section */
		8420B2862C57C63700739F7A /* Project object */ = {
			isa = PBXProject;
			attributes = {
				BuildIndependentTargetsInParallel = 1;
				KnownAssetTags = (
					New,
				);
				LastSwiftUpdateCheck = 1540;
				LastUpgradeCheck = 1540;
				TargetAttributes = {
					8420B28D2C57C63700739F7A = {
						CreatedOnToolsVersion = 15.4;
					};
					8420B29E2C57C63C00739F7A = {
						CreatedOnToolsVersion = 15.4;
						TestTargetID = 8420B28D2C57C63700739F7A;
					};
					8420B2A82C57C63C00739F7A = {
						CreatedOnToolsVersion = 15.4;
						TestTargetID = 8420B28D2C57C63700739F7A;
					};
				};
			};
			buildConfigurationList = 8420B2892C57C63700739F7A /* Build configuration list for PBXProject "BackgroundPlay" */;
			compatibilityVersion = "Xcode 14.0";
			developmentRegion = en;
			hasScannedForEncodings = 0;
			knownRegions = (
				en,
				Base,
			);
			mainGroup = 8420B2852C57C63700739F7A;
			productRefGroup = 8420B28F2C57C63700739F7A /* Products */;
			projectDirPath = "";
			projectRoot = "";
			targets = (
				8420B28D2C57C63700739F7A /* BackgroundPlay */,
				8420B29E2C57C63C00739F7A /* BackgroundPlayTests */,
				8420B2A82C57C63C00739F7A /* BackgroundPlayUITests */,
			);
		};
/* End PBXProject section */

/* Begin PBXResourcesBuildPhase section */
		8420B28C2C57C63700739F7A /* Resources */ = {
			isa = PBXResourcesBuildPhase;
			buildActionMask = 2147483647;
			files = (
				8420B29A2C57C63B00739F7A /* Preview Assets.xcassets in Resources */,
				8420B2962C57C63B00739F7A /* Assets.xcassets in Resources */,
			);
			runOnlyForDeploymentPostprocessing = 0;
		};
		8420B29D2C57C63C00739F7A /* Resources */ = {
			isa = PBXResourcesBuildPhase;
			buildActionMask = 2147483647;
			files = (
			);
			runOnlyForDeploymentPostprocessing = 0;
		};
		8420B2A72C57C63C00739F7A /* Resources */ = {
			isa = PBXResourcesBuildPhase;
			buildActionMask = 2147483647;
			files = (
			);
			runOnlyForDeploymentPostprocessing = 0;
		};
/* End PBXResourcesBuildPhase section */

/* Begin PBXSourcesBuildPhase section */
		8420B28A2C57C63700739F7A /* Sources */ = {
			isa = PBXSourcesBuildPhase;
			buildActionMask = 2147483647;
			files = (
				8420B2942C57C63700739F7A /* ContentView.swift in Sources */,
				8420B2BD2C57C83100739F7A /* DocumentPicker.swift in Sources */,
				8420B2922C57C63700739F7A /* BackgroundPlayApp.swift in Sources */,
			);
			runOnlyForDeploymentPostprocessing = 0;
		};
		8420B29B2C57C63C00739F7A /* Sources */ = {
			isa = PBXSourcesBuildPhase;
			buildActionMask = 2147483647;
			files = (
				8420B2A42C57C63C00739F7A /* BackgroundPlayTests.swift in Sources */,
			);
			runOnlyForDeploymentPostprocessing = 0;
		};
		8420B2A52C57C63C00739F7A /* Sources */ = {
			isa = PBXSourcesBuildPhase;
			buildActionMask = 2147483647;
			files = (
				8420B2B02C57C63C00739F7A /* BackgroundPlayUITestsLaunchTests.swift in Sources */,
				8420B2AE2C57C63C00739F7A /* BackgroundPlayUITests.swift in Sources */,
			);
			runOnlyForDeploymentPostprocessing = 0;
		};
/* End PBXSourcesBuildPhase section */

/* Begin PBXTargetDependency section */
		8420B2A12C57C63C00739F7A /* PBXTargetDependency */ = {
			isa = PBXTargetDependency;
			target = 8420B28D2C57C63700739F7A /* BackgroundPlay */;
			targetProxy = 8420B2A02C57C63C00739F7A /* PBXContainerItemProxy */;
		};
		8420B2AB2C57C63C00739F7A /* PBXTargetDependency */ = {
			isa = PBXTargetDependency;
			target = 8420B28D2C57C63700739F7A /* BackgroundPlay */;
			targetProxy = 8420B2AA2C57C63C00739F7A /* PBXContainerItemProxy */;
		};
/* End PBXTargetDependency section */

/* Begin XCBuildConfiguration section */
		8420B2B12C57C63C00739F7A /* Debug */ = {
			isa = XCBuildConfiguration;
			buildSettings = {
				ALWAYS_SEARCH_USER_PATHS = NO;
				ASSETCATALOG_COMPILER_GENERATE_SWIFT_ASSET_SYMBOL_EXTENSIONS = YES;
				CLANG_ANALYZER_NONNULL = YES;
				CLANG_ANALYZER_NUMBER_OBJECT_CONVERSION = YES_AGGRESSIVE;
				CLANG_CXX_LANGUAGE_STANDARD = "gnu++20";
				CLANG_ENABLE_MODULES = YES;
				CLANG_ENABLE_OBJC_ARC = YES;
				CLANG_ENABLE_OBJC_WEAK = YES;
				CLANG_WARN_BLOCK_CAPTURE_AUTORELEASING = YES;
				CLANG_WARN_BOOL_CONVERSION = YES;
				CLANG_WARN_COMMA = YES;
				CLANG_WARN_CONSTANT_CONVERSION = YES;
				CLANG_WARN_DEPRECATED_OBJC_IMPLEMENTATIONS = YES;
				CLANG_WARN_DIRECT_OBJC_ISA_USAGE = YES_ERROR;
				CLANG_WARN_DOCUMENTATION_COMMENTS = YES;
				CLANG_WARN_EMPTY_BODY = YES;
				CLANG_WARN_ENUM_CONVERSION = YES;
				CLANG_WARN_INFINITE_RECURSION = YES;
				CLANG_WARN_INT_CONVERSION = YES;
				CLANG_WARN_NON_LITERAL_NULL_CONVERSION = YES;
				CLANG_WARN_OBJC_IMPLICIT_RETAIN_SELF = YES;
				CLANG_WARN_OBJC_LITERAL_CONVERSION = YES;
				CLANG_WARN_OBJC_ROOT_CLASS = YES_ERROR;
				CLANG_WARN_QUOTED_INCLUDE_IN_FRAMEWORK_HEADER = YES;
				CLANG_WARN_RANGE_LOOP_ANALYSIS = YES;
				CLANG_WARN_STRICT_PROTOTYPES = YES;
				CLANG_WARN_SUSPICIOUS_MOVE = YES;
				CLANG_WARN_UNGUARDED_AVAILABILITY = YES_AGGRESSIVE;
				CLANG_WARN_UNREACHABLE_CODE = YES;
				CLANG_WARN__DUPLICATE_METHOD_MATCH = YES;
				COPY_PHASE_STRIP = NO;
				DEBUG_INFORMATION_FORMAT = dwarf;
				ENABLE_STRICT_OBJC_MSGSEND = YES;
				ENABLE_TESTABILITY = YES;
				ENABLE_USER_SCRIPT_SANDBOXING = YES;
				GCC_C_LANGUAGE_STANDARD = gnu17;
				GCC_DYNAMIC_NO_PIC = NO;
				GCC_NO_COMMON_BLOCKS = YES;
				GCC_OPTIMIZATION_LEVEL = 0;
				GCC_PREPROCESSOR_DEFINITIONS = (
					"DEBUG=1",
					"$(inherited)",
				);
				GCC_WARN_64_TO_32_BIT_CONVERSION = YES;
				GCC_WARN_ABOUT_RETURN_TYPE = YES_ERROR;
				GCC_WARN_UNDECLARED_SELECTOR = YES;
				GCC_WARN_UNINITIALIZED_AUTOS = YES_AGGRESSIVE;
				GCC_WARN_UNUSED_FUNCTION = YES;
				GCC_WARN_UNUSED_VARIABLE = YES;
				LOCALIZATION_PREFERS_STRING_CATALOGS = YES;
				MTL_ENABLE_DEBUG_INFO = INCLUDE_SOURCE;
				MTL_FAST_MATH = YES;
				ONLY_ACTIVE_ARCH = YES;
				SWIFT_ACTIVE_COMPILATION_CONDITIONS = "DEBUG $(inherited)";
				SWIFT_OPTIMIZATION_LEVEL = "-Onone";
			};
			name = Debug;
		};
		8420B2B22C57C63C00739F7A /* Release */ = {
			isa = XCBuildConfiguration;
			buildSettings = {
				ALWAYS_SEARCH_USER_PATHS = NO;
				ASSETCATALOG_COMPILER_GENERATE_SWIFT_ASSET_SYMBOL_EXTENSIONS = YES;
				CLANG_ANALYZER_NONNULL = YES;
				CLANG_ANALYZER_NUMBER_OBJECT_CONVERSION = YES_AGGRESSIVE;
				CLANG_CXX_LANGUAGE_STANDARD = "gnu++20";
				CLANG_ENABLE_MODULES = YES;
				CLANG_ENABLE_OBJC_ARC = YES;
				CLANG_ENABLE_OBJC_WEAK = YES;
				CLANG_WARN_BLOCK_CAPTURE_AUTORELEASING = YES;
				CLANG_WARN_BOOL_CONVERSION = YES;
				CLANG_WARN_COMMA = YES;
				CLANG_WARN_CONSTANT_CONVERSION = YES;
				CLANG_WARN_DEPRECATED_OBJC_IMPLEMENTATIONS = YES;
				CLANG_WARN_DIRECT_OBJC_ISA_USAGE = YES_ERROR;
				CLANG_WARN_DOCUMENTATION_COMMENTS = YES;
				CLANG_WARN_EMPTY_BODY = YES;
				CLANG_WARN_ENUM_CONVERSION = YES;
				CLANG_WARN_INFINITE_RECURSION = YES;
				CLANG_WARN_INT_CONVERSION = YES;
				CLANG_WARN_NON_LITERAL_NULL_CONVERSION = YES;
				CLANG_WARN_OBJC_IMPLICIT_RETAIN_SELF = YES;
				CLANG_WARN_OBJC_LITERAL_CONVERSION = YES;
				CLANG_WARN_OBJC_ROOT_CLASS = YES_ERROR;
				CLANG_WARN_QUOTED_INCLUDE_IN_FRAMEWORK_HEADER = YES;
				CLANG_WARN_RANGE_LOOP_ANALYSIS = YES;
				CLANG_WARN_STRICT_PROTOTYPES = YES;
				CLANG_WARN_SUSPICIOUS_MOVE = YES;
				CLANG_WARN_UNGUARDED_AVAILABILITY = YES_AGGRESSIVE;
				CLANG_WARN_UNREACHABLE_CODE = YES;
				CLANG_WARN__DUPLICATE_METHOD_MATCH = YES;
				COPY_PHASE_STRIP = NO;
				DEBUG_INFORMATION_FORMAT = "dwarf-with-dsym";
				ENABLE_NS_ASSERTIONS = NO;
				ENABLE_STRICT_OBJC_MSGSEND = YES;
				ENABLE_USER_SCRIPT_SANDBOXING = YES;
				GCC_C_LANGUAGE_STANDARD = gnu17;
				GCC_NO_COMMON_BLOCKS = YES;
				GCC_WARN_64_TO_32_BIT_CONVERSION = YES;
				GCC_WARN_ABOUT_RETURN_TYPE = YES_ERROR;
				GCC_WARN_UNDECLARED_SELECTOR = YES;
				GCC_WARN_UNINITIALIZED_AUTOS = YES_AGGRESSIVE;
				GCC_WARN_UNUSED_FUNCTION = YES;
				GCC_WARN_UNUSED_VARIABLE = YES;
				LOCALIZATION_PREFERS_STRING_CATALOGS = YES;
				MTL_ENABLE_DEBUG_INFO = NO;
				MTL_FAST_MATH = YES;
				SWIFT_COMPILATION_MODE = wholemodule;
			};
			name = Release;
		};
		8420B2B42C57C63C00739F7A /* Debug */ = {
			isa = XCBuildConfiguration;
			buildSettings = {
				ASSETCATALOG_COMPILER_APPICON_NAME = AppIcon;
				ASSETCATALOG_COMPILER_GLOBAL_ACCENT_COLOR_NAME = AccentColor;
				CODE_SIGN_ENTITLEMENTS = BackgroundPlay/BackgroundPlay.entitlements;
				CODE_SIGN_STYLE = Automatic;
				CURRENT_PROJECT_VERSION = 1;
				DEVELOPMENT_ASSET_PATHS = "\"BackgroundPlay/Preview Content\"";
				DEVELOPMENT_TEAM = 6ZDMDS3X9J;
				ENABLE_HARDENED_RUNTIME = YES;
				"ENABLE_HARDENED_RUNTIME[sdk=macosx*]" = YES;
				ENABLE_PREVIEWS = YES;
				GENERATE_INFOPLIST_FILE = YES;
				INFOPLIST_FILE = BackgroundPlay/Info.plist;
				INFOPLIST_KEY_LSSupportsOpeningDocumentsInPlace = NO;
				"INFOPLIST_KEY_UIApplicationSceneManifest_Generation[sdk=iphoneos*]" = YES;
				"INFOPLIST_KEY_UIApplicationSceneManifest_Generation[sdk=iphonesimulator*]" = YES;
				"INFOPLIST_KEY_UIApplicationSupportsIndirectInputEvents[sdk=iphoneos*]" = YES;
				"INFOPLIST_KEY_UIApplicationSupportsIndirectInputEvents[sdk=iphonesimulator*]" = YES;
				"INFOPLIST_KEY_UILaunchScreen_Generation[sdk=iphoneos*]" = YES;
				"INFOPLIST_KEY_UILaunchScreen_Generation[sdk=iphonesimulator*]" = YES;
				"INFOPLIST_KEY_UIStatusBarStyle[sdk=iphoneos*]" = UIStatusBarStyleDefault;
				"INFOPLIST_KEY_UIStatusBarStyle[sdk=iphonesimulator*]" = UIStatusBarStyleDefault;
				INFOPLIST_KEY_UISupportedInterfaceOrientations_iPad = "UIInterfaceOrientationPortrait UIInterfaceOrientationPortraitUpsideDown UIInterfaceOrientationLandscapeLeft UIInterfaceOrientationLandscapeRight";
				INFOPLIST_KEY_UISupportsDocumentBrowser = NO;
				IPHONEOS_DEPLOYMENT_TARGET = 17.5;
				LD_RUNPATH_SEARCH_PATHS = "@executable_path/Frameworks";
				"LD_RUNPATH_SEARCH_PATHS[sdk=macosx*]" = "@executable_path/../Frameworks";
				MACOSX_DEPLOYMENT_TARGET = 14.5;
				MARKETING_VERSION = 1.0;
				PRODUCT_BUNDLE_IDENTIFIER = "lmrlfil-icloud.com.BackgroundPlay";
				PRODUCT_NAME = "$(TARGET_NAME)";
				SDKROOT = auto;
				SUPPORTED_PLATFORMS = "iphoneos iphonesimulator macosx";
				SWIFT_EMIT_LOC_STRINGS = YES;
				SWIFT_VERSION = 5.0;
				TARGETED_DEVICE_FAMILY = "1,2";
			};
			name = Debug;
		};
		8420B2B52C57C63C00739F7A /* Release */ = {
			isa = XCBuildConfiguration;
			buildSettings = {
				ASSETCATALOG_COMPILER_APPICON_NAME = AppIcon;
				ASSETCATALOG_COMPILER_GLOBAL_ACCENT_COLOR_NAME = AccentColor;
				CODE_SIGN_ENTITLEMENTS = BackgroundPlay/BackgroundPlay.entitlements;
				CODE_SIGN_STYLE = Automatic;
				CURRENT_PROJECT_VERSION = 1;
				DEVELOPMENT_ASSET_PATHS = "\"BackgroundPlay/Preview Content\"";
				DEVELOPMENT_TEAM = 6ZDMDS3X9J;
				ENABLE_HARDENED_RUNTIME = YES;
				"ENABLE_HARDENED_RUNTIME[sdk=macosx*]" = YES;
				ENABLE_PREVIEWS = YES;
				GENERATE_INFOPLIST_FILE = YES;
				INFOPLIST_FILE = BackgroundPlay/Info.plist;
				INFOPLIST_KEY_LSSupportsOpeningDocumentsInPlace = NO;
				"INFOPLIST_KEY_UIApplicationSceneManifest_Generation[sdk=iphoneos*]" = YES;
				"INFOPLIST_KEY_UIApplicationSceneManifest_Generation[sdk=iphonesimulator*]" = YES;
				"INFOPLIST_KEY_UIApplicationSupportsIndirectInputEvents[sdk=iphoneos*]" = YES;
				"INFOPLIST_KEY_UIApplicationSupportsIndirectInputEvents[sdk=iphonesimulator*]" = YES;
				"INFOPLIST_KEY_UILaunchScreen_Generation[sdk=iphoneos*]" = YES;
				"INFOPLIST_KEY_UILaunchScreen_Generation[sdk=iphonesimulator*]" = YES;
				"INFOPLIST_KEY_UIStatusBarStyle[sdk=iphoneos*]" = UIStatusBarStyleDefault;
				"INFOPLIST_KEY_UIStatusBarStyle[sdk=iphonesimulator*]" = UIStatusBarStyleDefault;
				INFOPLIST_KEY_UISupportedInterfaceOrientations_iPad = "UIInterfaceOrientationPortrait UIInterfaceOrientationPortraitUpsideDown UIInterfaceOrientationLandscapeLeft UIInterfaceOrientationLandscapeRight";
				INFOPLIST_KEY_UISupportsDocumentBrowser = NO;
				IPHONEOS_DEPLOYMENT_TARGET = 17.5;
				LD_RUNPATH_SEARCH_PATHS = "@executable_path/Frameworks";
				"LD_RUNPATH_SEARCH_PATHS[sdk=macosx*]" = "@executable_path/../Frameworks";
				MACOSX_DEPLOYMENT_TARGET = 14.5;
				MARKETING_VERSION = 1.0;
				PRODUCT_BUNDLE_IDENTIFIER = "lmrlfil-icloud.com.BackgroundPlay";
				PRODUCT_NAME = "$(TARGET_NAME)";
				SDKROOT = auto;
				SUPPORTED_PLATFORMS = "iphoneos iphonesimulator macosx";
				SWIFT_EMIT_LOC_STRINGS = YES;
				SWIFT_VERSION = 5.0;
				TARGETED_DEVICE_FAMILY = "1,2";
			};
			name = Release;
		};
		8420B2B72C57C63C00739F7A /* Debug */ = {
			isa = XCBuildConfiguration;
			buildSettings = {
				ALWAYS_EMBED_SWIFT_STANDARD_LIBRARIES = YES;
				BUNDLE_LOADER = "$(TEST_HOST)";
				CODE_SIGN_STYLE = Automatic;
				CURRENT_PROJECT_VERSION = 1;
				DEVELOPMENT_TEAM = 6ZDMDS3X9J;
				GENERATE_INFOPLIST_FILE = YES;
				IPHONEOS_DEPLOYMENT_TARGET = 17.5;
				MACOSX_DEPLOYMENT_TARGET = 14.5;
				MARKETING_VERSION = 1.0;
				PRODUCT_BUNDLE_IDENTIFIER = "lmrlfil-icloud.com.BackgroundPlayTests";
				PRODUCT_NAME = "$(TARGET_NAME)";
				SDKROOT = auto;
				SUPPORTED_PLATFORMS = "iphoneos iphonesimulator macosx";
				SWIFT_EMIT_LOC_STRINGS = NO;
				SWIFT_VERSION = 5.0;
				TARGETED_DEVICE_FAMILY = "1,2";
				TEST_HOST = "$(BUILT_PRODUCTS_DIR)/BackgroundPlay.app/$(BUNDLE_EXECUTABLE_FOLDER_PATH)/BackgroundPlay";
			};
			name = Debug;
		};
		8420B2B82C57C63C00739F7A /* Release */ = {
			isa = XCBuildConfiguration;
			buildSettings = {
				ALWAYS_EMBED_SWIFT_STANDARD_LIBRARIES = YES;
				BUNDLE_LOADER = "$(TEST_HOST)";
				CODE_SIGN_STYLE = Automatic;
				CURRENT_PROJECT_VERSION = 1;
				DEVELOPMENT_TEAM = 6ZDMDS3X9J;
				GENERATE_INFOPLIST_FILE = YES;
				IPHONEOS_DEPLOYMENT_TARGET = 17.5;
				MACOSX_DEPLOYMENT_TARGET = 14.5;
				MARKETING_VERSION = 1.0;
				PRODUCT_BUNDLE_IDENTIFIER = "lmrlfil-icloud.com.BackgroundPlayTests";
				PRODUCT_NAME = "$(TARGET_NAME)";
				SDKROOT = auto;
				SUPPORTED_PLATFORMS = "iphoneos iphonesimulator macosx";
				SWIFT_EMIT_LOC_STRINGS = NO;
				SWIFT_VERSION = 5.0;
				TARGETED_DEVICE_FAMILY = "1,2";
				TEST_HOST = "$(BUILT_PRODUCTS_DIR)/BackgroundPlay.app/$(BUNDLE_EXECUTABLE_FOLDER_PATH)/BackgroundPlay";
			};
			name = Release;
		};
		8420B2BA2C57C63C00739F7A /* Debug */ = {
			isa = XCBuildConfiguration;
			buildSettings = {
				ALWAYS_EMBED_SWIFT_STANDARD_LIBRARIES = YES;
				CODE_SIGN_STYLE = Automatic;
				CURRENT_PROJECT_VERSION = 1;
				DEVELOPMENT_TEAM = 6ZDMDS3X9J;
				GENERATE_INFOPLIST_FILE = YES;
				IPHONEOS_DEPLOYMENT_TARGET = 17.5;
				MACOSX_DEPLOYMENT_TARGET = 14.5;
				MARKETING_VERSION = 1.0;
				PRODUCT_BUNDLE_IDENTIFIER = "lmrlfil-icloud.com.BackgroundPlayUITests";
				PRODUCT_NAME = "$(TARGET_NAME)";
				SDKROOT = auto;
				SUPPORTED_PLATFORMS = "iphoneos iphonesimulator macosx";
				SWIFT_EMIT_LOC_STRINGS = NO;
				SWIFT_VERSION = 5.0;
				TARGETED_DEVICE_FAMILY = "1,2";
				TEST_TARGET_NAME = BackgroundPlay;
			};
			name = Debug;
		};
		8420B2BB2C57C63C00739F7A /* Release */ = {
			isa = XCBuildConfiguration;
			buildSettings = {
				ALWAYS_EMBED_SWIFT_STANDARD_LIBRARIES = YES;
				CODE_SIGN_STYLE = Automatic;
				CURRENT_PROJECT_VERSION = 1;
				DEVELOPMENT_TEAM = 6ZDMDS3X9J;
				GENERATE_INFOPLIST_FILE = YES;
				IPHONEOS_DEPLOYMENT_TARGET = 17.5;
				MACOSX_DEPLOYMENT_TARGET = 14.5;
				MARKETING_VERSION = 1.0;
				PRODUCT_BUNDLE_IDENTIFIER = "lmrlfil-icloud.com.BackgroundPlayUITests";
				PRODUCT_NAME = "$(TARGET_NAME)";
				SDKROOT = auto;
				SUPPORTED_PLATFORMS = "iphoneos iphonesimulator macosx";
				SWIFT_EMIT_LOC_STRINGS = NO;
				SWIFT_VERSION = 5.0;
				TARGETED_DEVICE_FAMILY = "1,2";
				TEST_TARGET_NAME = BackgroundPlay;
			};
			name = Release;
		};
/* End XCBuildConfiguration section */

/* Begin XCConfigurationList section */
		8420B2892C57C63700739F7A /* Build configuration list for PBXProject "BackgroundPlay" */ = {
			isa = XCConfigurationList;
			buildConfigurations = (
				8420B2B12C57C63C00739F7A /* Debug */,
				8420B2B22C57C63C00739F7A /* Release */,
			);
			defaultConfigurationIsVisible = 0;
			defaultConfigurationName = Release;
		};
		8420B2B32C57C63C00739F7A /* Build configuration list for PBXNativeTarget "BackgroundPlay" */ = {
			isa = XCConfigurationList;
			buildConfigurations = (
				8420B2B42C57C63C00739F7A /* Debug */,
				8420B2B52C57C63C00739F7A /* Release */,
			);
			defaultConfigurationIsVisible = 0;
			defaultConfigurationName = Release;
		};
		8420B2B62C57C63C00739F7A /* Build configuration list for PBXNativeTarget "BackgroundPlayTests" */ = {
			isa = XCConfigurationList;
			buildConfigurations = (
				8420B2B72C57C63C00739F7A /* Debug */,
				8420B2B82C57C63C00739F7A /* Release */,
			);
			defaultConfigurationIsVisible = 0;
			defaultConfigurationName = Release;
		};
		8420B2B92C57C63C00739F7A /* Build configuration list for PBXNativeTarget "BackgroundPlayUITests" */ = {
			isa = XCConfigurationList;
			buildConfigurations = (
				8420B2BA2C57C63C00739F7A /* Debug */,
				8420B2BB2C57C63C00739F7A /* Release */,
			);
			defaultConfigurationIsVisible = 0;
			defaultConfigurationName = Release;
		};
/* End XCConfigurationList section */
	};
	rootObject = 8420B2862C57C63700739F7A /* Project object */;
}
